
Microsoft Visual Studio Solution File, Format Version 12.00
# Visual Studio Version 17
VisualStudioVersion = 17.11.35303.130
MinimumVisualStudioVersion = 10.0.40219.1
Project("{2150E333-8FDC-42A3-9474-1A3956D46DE8}") = "Task0", "Task0", "{4DC599C7-6375-4CAC-8212-85ECA11B0F50}"
EndProject
Project("{FAE04EC0-301F-11D3-BF4B-00C04F79EFBC}") = "Tyuiu.AkhmedullovRR.Sprint4.Task0.V13.Lib", "Tyuiu.AkhmedullovRR.Sprint4.Task0.V13.Lib\Tyuiu.AkhmedullovRR.Sprint4.Task0.V13.Lib.csproj", "{32ED9310-8B05-45D0-BCA1-FE6DF932A624}"
EndProject
Project("{FAE04EC0-301F-11D3-BF4B-00C04F79EFBC}") = "Tyuiu.AkhmedullovRR.Sprint4.Task0.V13", "Tyuiu.AkhmedullovRR.Sprint4.Task0.V13\Tyuiu.AkhmedullovRR.Sprint4.Task0.V13.csproj", "{2D5ABF9C-99F2-476C-AC50-753E1F4836B1}"
EndProject
Project("{FAE04EC0-301F-11D3-BF4B-00C04F79EFBC}") = "Tyuiu.AkhmedullovRR.Sprint4.Task0.V13.Test", "Tyuiu.AkhmedullovRR.Sprint4.Task0.V13.Test\Tyuiu.AkhmedullovRR.Sprint4.Task0.V13.Test.csproj", "{718AA34D-82E4-481F-AEFD-B54F1740B288}"
EndProject
Project("{2150E333-8FDC-42A3-9474-1A3956D46DE8}") = "Task1", "Task1", "{80986F26-E346-4296-80AC-A3EA476588F9}"
EndProject
Project("{FAE04EC0-301F-11D3-BF4B-00C04F79EFBC}") = "Tyuiu.AkhmedullovRR.Sprint4.Task1.V21", "Tyuiu.AkhmedullovRR.Sprint4.Task1.V21\Tyuiu.AkhmedullovRR.Sprint4.Task1.V21.csproj", "{7BDF5E61-6461-4355-BAFF-46DF749B9E78}"
EndProject
Project("{FAE04EC0-301F-11D3-BF4B-00C04F79EFBC}") = "Tyuiu.AkhmedullovRR.Sprint4.Task1.V21.Lib", "Tyuiu.AkhmedullovRR.Sprint4.Task1.V21.Lib\Tyuiu.AkhmedullovRR.Sprint4.Task1.V21.Lib.csproj", "{22E41BCF-9919-4513-B52C-F8F8F51B61AB}"
EndProject
Project("{FAE04EC0-301F-11D3-BF4B-00C04F79EFBC}") = "Tyuiu.AkhmedullovRR.Sprint4.Task1.V21.Test", "Tyuiu.AkhmedullovRR.Sprint4.Task1.V21.Test\Tyuiu.AkhmedullovRR.Sprint4.Task1.V21.Test.csproj", "{E2C5D85B-27C1-49EE-8AB6-99E290B5D9B9}"
EndProject
Project("{2150E333-8FDC-42A3-9474-1A3956D46DE8}") = "Task2", "Task2", "{E2CA58C1-1191-4813-98D2-9CDBAA3036B4}"
EndProject
Project("{FAE04EC0-301F-11D3-BF4B-00C04F79EFBC}") = "Tyuiu.AkhmedullovRR.Sprint4.Task2.V2", "Tyuiu.AkhmedullovRR.Sprint4.Task2.V2\Tyuiu.AkhmedullovRR.Sprint4.Task2.V2.csproj", "{36823F32-0FDF-4277-893B-244F26B0CDFC}"
EndProject
Project("{FAE04EC0-301F-11D3-BF4B-00C04F79EFBC}") = "Tyuiu.AkhmedullovRR.Sprint4.Task2.V2.Lib", "Tyuiu.AkhmedullovRR.Sprint4.Task2.V2.Lib\Tyuiu.AkhmedullovRR.Sprint4.Task2.V2.Lib.csproj", "{D12A81C8-FD77-4EBB-B0CB-1BBBF6E9B7AC}"
EndProject
Project("{FAE04EC0-301F-11D3-BF4B-00C04F79EFBC}") = "Tyuiu.AkhmedullovRR.Sprint4.Task2.V2.Test", "Tyuiu.AkhmedullovRR.Sprint4.Task2.V2.Test\Tyuiu.AkhmedullovRR.Sprint4.Task2.V2.Test.csproj", "{00801930-A04C-42A1-BDB3-4A60965617A2}"
EndProject
Project("{FAE04EC0-301F-11D3-BF4B-00C04F79EFBC}") = "Tyuiu.AkhmedullovRR.Sprint4.Task3.V6", "Tyuiu.AkhmedullovRR.Sprint4.Task3.V6\Tyuiu.AkhmedullovRR.Sprint4.Task3.V6.csproj", "{B14710D1-8356-4D49-88EF-BBCBCD68976B}"
EndProject
Project("{2150E333-8FDC-42A3-9474-1A3956D46DE8}") = "Task3", "Task3", "{39C70F08-051D-4B6D-B86F-FA443505FD14}"
EndProject
Project("{FAE04EC0-301F-11D3-BF4B-00C04F79EFBC}") = "Tyuiu.AkhmedullovRR.Sprint4.Task3.V6.Lib", "Tyuiu.AkhmedullovRR.Sprint4.Task3.V6.Lib\Tyuiu.AkhmedullovRR.Sprint4.Task3.V6.Lib.csproj", "{CD67C7E9-3D5D-41CE-BD68-15F8FE78774A}"
EndProject
Project("{FAE04EC0-301F-11D3-BF4B-00C04F79EFBC}") = "Tyuiu.AkhmedullovRR.Sprint4.Task3.V6.Test", "Tyuiu.AkhmedullovRR.Sprint4.Task3.V6.Test\Tyuiu.AkhmedullovRR.Sprint4.Task3.V6.Test.csproj", "{85749D3C-74E3-4726-BA08-AC9F98C42211}"
EndProject
Project("{2150E333-8FDC-42A3-9474-1A3956D46DE8}") = "Task4", "Task4", "{A18BDDEA-1DBF-4189-83E8-81380E67510D}"
EndProject
Project("{FAE04EC0-301F-11D3-BF4B-00C04F79EFBC}") = "Tyuiu.AkhmedullovRR.Sprint4.Task4.V15", "Tyuiu.AkhmedullovRR.Sprint4.Task4.V15\Tyuiu.AkhmedullovRR.Sprint4.Task4.V15.csproj", "{64AB1AB1-AB0D-4D64-A87C-FA2D0DC738B5}"
EndProject
Project("{FAE04EC0-301F-11D3-BF4B-00C04F79EFBC}") = "Tyuiu.AkhmedullovRR.Sprint4.Task4.V15.Lib", "Tyuiu.AkhmedullovRR.Sprint4.Task4.V15.Lib\Tyuiu.AkhmedullovRR.Sprint4.Task4.V15.Lib.csproj", "{0BCC56BF-EB9B-4FB4-903F-F61C6D69C607}"
EndProject
Project("{FAE04EC0-301F-11D3-BF4B-00C04F79EFBC}") = "Tyuiu.AkhmedullovRR.Sprint4.Task4.V15.Test", "Tyuiu.AkhmedullovRR.Sprint4.Task4.V15.Test\Tyuiu.AkhmedullovRR.Sprint4.Task4.V15.Test.csproj", "{AFEE868E-7B59-4070-A27B-7F84A840F845}"
EndProject
Project("{2150E333-8FDC-42A3-9474-1A3956D46DE8}") = "Task5", "Task5", "{C940EBCD-1230-4C8F-B41D-F534F568EF1A}"
EndProject
Project("{FAE04EC0-301F-11D3-BF4B-00C04F79EFBC}") = "Tyuiu.AkhmedullovRR.Sprint4.Task5.V23.", "Tyuiu.AkhmedullovRR.Sprint4.Task5.V23\Tyuiu.AkhmedullovRR.Sprint4.Task5.V23..csproj", "{5827183E-A642-4EDF-8A52-7DD722AF20B8}"
EndProject
Project("{FAE04EC0-301F-11D3-BF4B-00C04F79EFBC}") = "Tyuiu.AkhmedullovRR.Sprint4.Task5.V23.Lib", "Tyuiu.AkhmedullovRR.Sprint4.Task5.V23.Lib\Tyuiu.AkhmedullovRR.Sprint4.Task5.V23.Lib.csproj", "{EE526D67-4580-4434-8BF4-7DF53F09C9C3}"
EndProject
Project("{FAE04EC0-301F-11D3-BF4B-00C04F79EFBC}") = "Tyuiu.AkhmedullovRR.Sprint4.Task5.V23.Test", "Tyuiu.AkhmedullovRR.Sprint4.Task5.V23.Test\Tyuiu.AkhmedullovRR.Sprint4.Task5.V23.Test.csproj", "{5CE269F6-A2B1-4DFE-9C86-7600E077F3A3}"
EndProject
Project("{2150E333-8FDC-42A3-9474-1A3956D46DE8}") = "Task6", "Task6", "{1F4709E1-3B32-4D8D-9758-4537075F3866}"
EndProject
Project("{FAE04EC0-301F-11D3-BF4B-00C04F79EFBC}") = "Tyuiu.AkhmedullovRR.Sprint4.Task6.V26.Lib", "Tyuiu.AkhmedullovRR.Sprint4.Task6.V26.Lib\Tyuiu.AkhmedullovRR.Sprint4.Task6.V26.Lib.csproj", "{19EDCE1B-CBDA-48D2-A3CE-E48E08B3075C}"
EndProject
Project("{FAE04EC0-301F-11D3-BF4B-00C04F79EFBC}") = "Tyuiu.AkhmedullovRR.Sprint4.Task6.V26.Test", "Tyuiu.AkhmedullovRR.Sprint4.Task6.V26.Test\Tyuiu.AkhmedullovRR.Sprint4.Task6.V26.Test.csproj", "{12D2FED6-356F-4B95-9EDC-6995B12DB51C}"
EndProject
Project("{FAE04EC0-301F-11D3-BF4B-00C04F79EFBC}") = "Tyuiu.AkhmedullovRR.Sprint4.Task6.V26", "Tyuiu.AkhmedullovRR.Sprint4.Task6.V26\Tyuiu.AkhmedullovRR.Sprint4.Task6.V26.csproj", "{E0581451-66ED-439C-BE06-53115521CA95}"
EndProject
Global
	GlobalSection(SolutionConfigurationPlatforms) = preSolution
		Debug|Any CPU = Debug|Any CPU
		Release|Any CPU = Release|Any CPU
	EndGlobalSection
	GlobalSection(ProjectConfigurationPlatforms) = postSolution
		{32ED9310-8B05-45D0-BCA1-FE6DF932A624}.Debug|Any CPU.ActiveCfg = Debug|Any CPU
		{32ED9310-8B05-45D0-BCA1-FE6DF932A624}.Debug|Any CPU.Build.0 = Debug|Any CPU
		{32ED9310-8B05-45D0-BCA1-FE6DF932A624}.Release|Any CPU.ActiveCfg = Release|Any CPU
		{32ED9310-8B05-45D0-BCA1-FE6DF932A624}.Release|Any CPU.Build.0 = Release|Any CPU
		{2D5ABF9C-99F2-476C-AC50-753E1F4836B1}.Debug|Any CPU.ActiveCfg = Debug|Any CPU
		{2D5ABF9C-99F2-476C-AC50-753E1F4836B1}.Debug|Any CPU.Build.0 = Debug|Any CPU
		{2D5ABF9C-99F2-476C-AC50-753E1F4836B1}.Release|Any CPU.ActiveCfg = Release|Any CPU
		{2D5ABF9C-99F2-476C-AC50-753E1F4836B1}.Release|Any CPU.Build.0 = Release|Any CPU
		{718AA34D-82E4-481F-AEFD-B54F1740B288}.Debug|Any CPU.ActiveCfg = Debug|Any CPU
		{718AA34D-82E4-481F-AEFD-B54F1740B288}.Debug|Any CPU.Build.0 = Debug|Any CPU
		{718AA34D-82E4-481F-AEFD-B54F1740B288}.Release|Any CPU.ActiveCfg = Release|Any CPU
		{718AA34D-82E4-481F-AEFD-B54F1740B288}.Release|Any CPU.Build.0 = Release|Any CPU
		{7BDF5E61-6461-4355-BAFF-46DF749B9E78}.Debug|Any CPU.ActiveCfg = Debug|Any CPU
		{7BDF5E61-6461-4355-BAFF-46DF749B9E78}.Debug|Any CPU.Build.0 = Debug|Any CPU
		{7BDF5E61-6461-4355-BAFF-46DF749B9E78}.Release|Any CPU.ActiveCfg = Release|Any CPU
		{7BDF5E61-6461-4355-BAFF-46DF749B9E78}.Release|Any CPU.Build.0 = Release|Any CPU
		{22E41BCF-9919-4513-B52C-F8F8F51B61AB}.Debug|Any CPU.ActiveCfg = Debug|Any CPU
		{22E41BCF-9919-4513-B52C-F8F8F51B61AB}.Debug|Any CPU.Build.0 = Debug|Any CPU
		{22E41BCF-9919-4513-B52C-F8F8F51B61AB}.Release|Any CPU.ActiveCfg = Release|Any CPU
		{22E41BCF-9919-4513-B52C-F8F8F51B61AB}.Release|Any CPU.Build.0 = Release|Any CPU
		{E2C5D85B-27C1-49EE-8AB6-99E290B5D9B9}.Debug|Any CPU.ActiveCfg = Debug|Any CPU
		{E2C5D85B-27C1-49EE-8AB6-99E290B5D9B9}.Debug|Any CPU.Build.0 = Debug|Any CPU
		{E2C5D85B-27C1-49EE-8AB6-99E290B5D9B9}.Release|Any CPU.ActiveCfg = Release|Any CPU
		{E2C5D85B-27C1-49EE-8AB6-99E290B5D9B9}.Release|Any CPU.Build.0 = Release|Any CPU
		{36823F32-0FDF-4277-893B-244F26B0CDFC}.Debug|Any CPU.ActiveCfg = Debug|Any CPU
		{36823F32-0FDF-4277-893B-244F26B0CDFC}.Debug|Any CPU.Build.0 = Debug|Any CPU
		{36823F32-0FDF-4277-893B-244F26B0CDFC}.Release|Any CPU.ActiveCfg = Release|Any CPU
		{36823F32-0FDF-4277-893B-244F26B0CDFC}.Release|Any CPU.Build.0 = Release|Any CPU
		{D12A81C8-FD77-4EBB-B0CB-1BBBF6E9B7AC}.Debug|Any CPU.ActiveCfg = Debug|Any CPU
		{D12A81C8-FD77-4EBB-B0CB-1BBBF6E9B7AC}.Debug|Any CPU.Build.0 = Debug|Any CPU
		{D12A81C8-FD77-4EBB-B0CB-1BBBF6E9B7AC}.Release|Any CPU.ActiveCfg = Release|Any CPU
		{D12A81C8-FD77-4EBB-B0CB-1BBBF6E9B7AC}.Release|Any CPU.Build.0 = Release|Any CPU
		{00801930-A04C-42A1-BDB3-4A60965617A2}.Debug|Any CPU.ActiveCfg = Debug|Any CPU
		{00801930-A04C-42A1-BDB3-4A60965617A2}.Debug|Any CPU.Build.0 = Debug|Any CPU
		{00801930-A04C-42A1-BDB3-4A60965617A2}.Release|Any CPU.ActiveCfg = Release|Any CPU
		{00801930-A04C-42A1-BDB3-4A60965617A2}.Release|Any CPU.Build.0 = Release|Any CPU
		{B14710D1-8356-4D49-88EF-BBCBCD68976B}.Debug|Any CPU.ActiveCfg = Debug|Any CPU
		{B14710D1-8356-4D49-88EF-BBCBCD68976B}.Debug|Any CPU.Build.0 = Debug|Any CPU
		{B14710D1-8356-4D49-88EF-BBCBCD68976B}.Release|Any CPU.ActiveCfg = Release|Any CPU
		{B14710D1-8356-4D49-88EF-BBCBCD68976B}.Release|Any CPU.Build.0 = Release|Any CPU
		{CD67C7E9-3D5D-41CE-BD68-15F8FE78774A}.Debug|Any CPU.ActiveCfg = Debug|Any CPU
		{CD67C7E9-3D5D-41CE-BD68-15F8FE78774A}.Debug|Any CPU.Build.0 = Debug|Any CPU
		{CD67C7E9-3D5D-41CE-BD68-15F8FE78774A}.Release|Any CPU.ActiveCfg = Release|Any CPU
		{CD67C7E9-3D5D-41CE-BD68-15F8FE78774A}.Release|Any CPU.Build.0 = Release|Any CPU
		{85749D3C-74E3-4726-BA08-AC9F98C42211}.Debug|Any CPU.ActiveCfg = Debug|Any CPU
		{85749D3C-74E3-4726-BA08-AC9F98C42211}.Debug|Any CPU.Build.0 = Debug|Any CPU
		{85749D3C-74E3-4726-BA08-AC9F98C42211}.Release|Any CPU.ActiveCfg = Release|Any CPU
		{85749D3C-74E3-4726-BA08-AC9F98C42211}.Release|Any CPU.Build.0 = Release|Any CPU
		{64AB1AB1-AB0D-4D64-A87C-FA2D0DC738B5}.Debug|Any CPU.ActiveCfg = Debug|Any CPU
		{64AB1AB1-AB0D-4D64-A87C-FA2D0DC738B5}.Debug|Any CPU.Build.0 = Debug|Any CPU
		{64AB1AB1-AB0D-4D64-A87C-FA2D0DC738B5}.Release|Any CPU.ActiveCfg = Release|Any CPU
		{64AB1AB1-AB0D-4D64-A87C-FA2D0DC738B5}.Release|Any CPU.Build.0 = Release|Any CPU
		{0BCC56BF-EB9B-4FB4-903F-F61C6D69C607}.Debug|Any CPU.ActiveCfg = Debug|Any CPU
		{0BCC56BF-EB9B-4FB4-903F-F61C6D69C607}.Debug|Any CPU.Build.0 = Debug|Any CPU
		{0BCC56BF-EB9B-4FB4-903F-F61C6D69C607}.Release|Any CPU.ActiveCfg = Release|Any CPU
		{0BCC56BF-EB9B-4FB4-903F-F61C6D69C607}.Release|Any CPU.Build.0 = Release|Any CPU
		{AFEE868E-7B59-4070-A27B-7F84A840F845}.Debug|Any CPU.ActiveCfg = Debug|Any CPU
		{AFEE868E-7B59-4070-A27B-7F84A840F845}.Debug|Any CPU.Build.0 = Debug|Any CPU
		{AFEE868E-7B59-4070-A27B-7F84A840F845}.Release|Any CPU.ActiveCfg = Release|Any CPU
		{AFEE868E-7B59-4070-A27B-7F84A840F845}.Release|Any CPU.Build.0 = Release|Any CPU
		{5827183E-A642-4EDF-8A52-7DD722AF20B8}.Debug|Any CPU.ActiveCfg = Debug|Any CPU
		{5827183E-A642-4EDF-8A52-7DD722AF20B8}.Debug|Any CPU.Build.0 = Debug|Any CPU
		{5827183E-A642-4EDF-8A52-7DD722AF20B8}.Release|Any CPU.ActiveCfg = Release|Any CPU
		{5827183E-A642-4EDF-8A52-7DD722AF20B8}.Release|Any CPU.Build.0 = Release|Any CPU
		{EE526D67-4580-4434-8BF4-7DF53F09C9C3}.Debug|Any CPU.ActiveCfg = Debug|Any CPU
		{EE526D67-4580-4434-8BF4-7DF53F09C9C3}.Debug|Any CPU.Build.0 = Debug|Any CPU
		{EE526D67-4580-4434-8BF4-7DF53F09C9C3}.Release|Any CPU.ActiveCfg = Release|Any CPU
		{EE526D67-4580-4434-8BF4-7DF53F09C9C3}.Release|Any CPU.Build.0 = Release|Any CPU
		{5CE269F6-A2B1-4DFE-9C86-7600E077F3A3}.Debug|Any CPU.ActiveCfg = Debug|Any CPU
		{5CE269F6-A2B1-4DFE-9C86-7600E077F3A3}.Debug|Any CPU.Build.0 = Debug|Any CPU
		{5CE269F6-A2B1-4DFE-9C86-7600E077F3A3}.Release|Any CPU.ActiveCfg = Release|Any CPU
		{5CE269F6-A2B1-4DFE-9C86-7600E077F3A3}.Release|Any CPU.Build.0 = Release|Any CPU
		{19EDCE1B-CBDA-48D2-A3CE-E48E08B3075C}.Debug|Any CPU.ActiveCfg = Debug|Any CPU
		{19EDCE1B-CBDA-48D2-A3CE-E48E08B3075C}.Debug|Any CPU.Build.0 = Debug|Any CPU
		{19EDCE1B-CBDA-48D2-A3CE-E48E08B3075C}.Release|Any CPU.ActiveCfg = Release|Any CPU
		{19EDCE1B-CBDA-48D2-A3CE-E48E08B3075C}.Release|Any CPU.Build.0 = Release|Any CPU
		{12D2FED6-356F-4B95-9EDC-6995B12DB51C}.Debug|Any CPU.ActiveCfg = Debug|Any CPU
		{12D2FED6-356F-4B95-9EDC-6995B12DB51C}.Debug|Any CPU.Build.0 = Debug|Any CPU
		{12D2FED6-356F-4B95-9EDC-6995B12DB51C}.Release|Any CPU.ActiveCfg = Release|Any CPU
		{12D2FED6-356F-4B95-9EDC-6995B12DB51C}.Release|Any CPU.Build.0 = Release|Any CPU
		{E0581451-66ED-439C-BE06-53115521CA95}.Debug|Any CPU.ActiveCfg = Debug|Any CPU
		{E0581451-66ED-439C-BE06-53115521CA95}.Debug|Any CPU.Build.0 = Debug|Any CPU
		{E0581451-66ED-439C-BE06-53115521CA95}.Release|Any CPU.ActiveCfg = Release|Any CPU
		{E0581451-66ED-439C-BE06-53115521CA95}.Release|Any CPU.Build.0 = Release|Any CPU
	EndGlobalSection
	GlobalSection(SolutionProperties) = preSolution
		HideSolutionNode = FALSE
	EndGlobalSection
	GlobalSection(NestedProjects) = preSolution
		{32ED9310-8B05-45D0-BCA1-FE6DF932A624} = {4DC599C7-6375-4CAC-8212-85ECA11B0F50}
		{2D5ABF9C-99F2-476C-AC50-753E1F4836B1} = {4DC599C7-6375-4CAC-8212-85ECA11B0F50}
		{718AA34D-82E4-481F-AEFD-B54F1740B288} = {4DC599C7-6375-4CAC-8212-85ECA11B0F50}
		{7BDF5E61-6461-4355-BAFF-46DF749B9E78} = {80986F26-E346-4296-80AC-A3EA476588F9}
		{22E41BCF-9919-4513-B52C-F8F8F51B61AB} = {80986F26-E346-4296-80AC-A3EA476588F9}
		{E2C5D85B-27C1-49EE-8AB6-99E290B5D9B9} = {80986F26-E346-4296-80AC-A3EA476588F9}
		{36823F32-0FDF-4277-893B-244F26B0CDFC} = {E2CA58C1-1191-4813-98D2-9CDBAA3036B4}
		{D12A81C8-FD77-4EBB-B0CB-1BBBF6E9B7AC} = {E2CA58C1-1191-4813-98D2-9CDBAA3036B4}
		{00801930-A04C-42A1-BDB3-4A60965617A2} = {E2CA58C1-1191-4813-98D2-9CDBAA3036B4}
		{B14710D1-8356-4D49-88EF-BBCBCD68976B} = {39C70F08-051D-4B6D-B86F-FA443505FD14}
		{CD67C7E9-3D5D-41CE-BD68-15F8FE78774A} = {39C70F08-051D-4B6D-B86F-FA443505FD14}
		{85749D3C-74E3-4726-BA08-AC9F98C42211} = {39C70F08-051D-4B6D-B86F-FA443505FD14}
		{64AB1AB1-AB0D-4D64-A87C-FA2D0DC738B5} = {A18BDDEA-1DBF-4189-83E8-81380E67510D}
		{0BCC56BF-EB9B-4FB4-903F-F61C6D69C607} = {A18BDDEA-1DBF-4189-83E8-81380E67510D}
		{AFEE868E-7B59-4070-A27B-7F84A840F845} = {A18BDDEA-1DBF-4189-83E8-81380E67510D}
		{5827183E-A642-4EDF-8A52-7DD722AF20B8} = {C940EBCD-1230-4C8F-B41D-F534F568EF1A}
		{EE526D67-4580-4434-8BF4-7DF53F09C9C3} = {C940EBCD-1230-4C8F-B41D-F534F568EF1A}
		{5CE269F6-A2B1-4DFE-9C86-7600E077F3A3} = {C940EBCD-1230-4C8F-B41D-F534F568EF1A}
		{19EDCE1B-CBDA-48D2-A3CE-E48E08B3075C} = {1F4709E1-3B32-4D8D-9758-4537075F3866}
		{12D2FED6-356F-4B95-9EDC-6995B12DB51C} = {1F4709E1-3B32-4D8D-9758-4537075F3866}
		{E0581451-66ED-439C-BE06-53115521CA95} = {1F4709E1-3B32-4D8D-9758-4537075F3866}
	EndGlobalSection
	GlobalSection(ExtensibilityGlobals) = postSolution
		SolutionGuid = {98B3603A-6EC0-4545-BDEE-EEBA88B4721A}
	EndGlobalSection
EndGlobal
